// !$*UTF8*$!
{
	archiveVersion = 1;
	classes = {
	};
	objectVersion = 55;
	objects = {

/* Begin PBXBuildFile section */
		CE3ED0492898B5AE00AE05EF /* AppDelegate.swift in Sources */ = {isa = PBXBuildFile; fileRef = CE3ED0482898B5AE00AE05EF /* AppDelegate.swift */; };
		CE3ED04B2898B5AE00AE05EF /* SceneDelegate.swift in Sources */ = {isa = PBXBuildFile; fileRef = CE3ED04A2898B5AE00AE05EF /* SceneDelegate.swift */; };
		CE3ED04D2898B5AE00AE05EF /* ViewController.swift in Sources */ = {isa = PBXBuildFile; fileRef = CE3ED04C2898B5AE00AE05EF /* ViewController.swift */; };
		CE3ED0502898B5AE00AE05EF /* Main.storyboard in Resources */ = {isa = PBXBuildFile; fileRef = CE3ED04E2898B5AE00AE05EF /* Main.storyboard */; };
		CE3ED0532898B5AE00AE05EF /* to_do_list.xcdatamodeld in Sources */ = {isa = PBXBuildFile; fileRef = CE3ED0512898B5AE00AE05EF /* to_do_list.xcdatamodeld */; };
		CE3ED0552898B5B000AE05EF /* Assets.xcassets in Resources */ = {isa = PBXBuildFile; fileRef = CE3ED0542898B5B000AE05EF /* Assets.xcassets */; };
		CE3ED0582898B5B000AE05EF /* LaunchScreen.storyboard in Resources */ = {isa = PBXBuildFile; fileRef = CE3ED0562898B5B000AE05EF /* LaunchScreen.storyboard */; };
		CE3ED0632898B5B000AE05EF /* to_do_listTests.swift in Sources */ = {isa = PBXBuildFile; fileRef = CE3ED0622898B5B000AE05EF /* to_do_listTests.swift */; };
		CE3ED06D2898B5B000AE05EF /* to_do_listUITests.swift in Sources */ = {isa = PBXBuildFile; fileRef = CE3ED06C2898B5B000AE05EF /* to_do_listUITests.swift */; };
		CE3ED06F2898B5B000AE05EF /* to_do_listUITestsLaunchTests.swift in Sources */ = {isa = PBXBuildFile; fileRef = CE3ED06E2898B5B000AE05EF /* to_do_listUITestsLaunchTests.swift */; };
/* End PBXBuildFile section */

/* Begin PBXContainerItemProxy section */
		CE3ED05F2898B5B000AE05EF /* PBXContainerItemProxy */ = {
			isa = PBXContainerItemProxy;
			containerPortal = CE3ED03D2898B5AE00AE05EF /* Project object */;
			proxyType = 1;
			remoteGlobalIDString = CE3ED0442898B5AE00AE05EF;
			remoteInfo = "to-do list";
		};
		CE3ED0692898B5B000AE05EF /* PBXContainerItemProxy */ = {
			isa = PBXContainerItemProxy;
			containerPortal = CE3ED03D2898B5AE00AE05EF /* Project object */;
			proxyType = 1;
			remoteGlobalIDString = CE3ED0442898B5AE00AE05EF;
			remoteInfo = "to-do list";
		};
/* End PBXContainerItemProxy section */

/* Begin PBXFileReference section */
		CE3ED0452898B5AE00AE05EF /* to-do list.app */ = {isa = PBXFileReference; explicitFileType = wrapper.application; includeInIndex = 0; path = "to-do list.app"; sourceTree = BUILT_PRODUCTS_DIR; };
		CE3ED0482898B5AE00AE05EF /* AppDelegate.swift */ = {isa = PBXFileReference; lastKnownFileType = sourcecode.swift; path = AppDelegate.swift; sourceTree = "<group>"; };
		CE3ED04A2898B5AE00AE05EF /* SceneDelegate.swift */ = {isa = PBXFileReference; lastKnownFileType = sourcecode.swift; path = SceneDelegate.swift; sourceTree = "<group>"; };
		CE3ED04C2898B5AE00AE05EF /* ViewController.swift */ = {isa = PBXFileReference; lastKnownFileType = sourcecode.swift; path = ViewController.swift; sourceTree = "<group>"; };
		CE3ED04F2898B5AE00AE05EF /* Base */ = {isa = PBXFileReference; lastKnownFileType = file.storyboard; name = Base; path = Base.lproj/Main.storyboard; sourceTree = "<group>"; };
		CE3ED0522898B5AE00AE05EF /* to_do_list.xcdatamodel */ = {isa = PBXFileReference; lastKnownFileType = wrapper.xcdatamodel; path = to_do_list.xcdatamodel; sourceTree = "<group>"; };
		CE3ED0542898B5B000AE05EF /* Assets.xcassets */ = {isa = PBXFileReference; lastKnownFileType = folder.assetcatalog; path = Assets.xcassets; sourceTree = "<group>"; };
		CE3ED0572898B5B000AE05EF /* Base */ = {isa = PBXFileReference; lastKnownFileType = file.storyboard; name = Base; path = Base.lproj/LaunchScreen.storyboard; sourceTree = "<group>"; };
		CE3ED0592898B5B000AE05EF /* Info.plist */ = {isa = PBXFileReference; lastKnownFileType = text.plist.xml; path = Info.plist; sourceTree = "<group>"; };
		CE3ED05E2898B5B000AE05EF /* to-do listTests.xctest */ = {isa = PBXFileReference; explicitFileType = wrapper.cfbundle; includeInIndex = 0; path = "to-do listTests.xctest"; sourceTree = BUILT_PRODUCTS_DIR; };
		CE3ED0622898B5B000AE05EF /* to_do_listTests.swift */ = {isa = PBXFileReference; lastKnownFileType = sourcecode.swift; path = to_do_listTests.swift; sourceTree = "<group>"; };
		CE3ED0682898B5B000AE05EF /* to-do listUITests.xctest */ = {isa = PBXFileReference; explicitFileType = wrapper.cfbundle; includeInIndex = 0; path = "to-do listUITests.xctest"; sourceTree = BUILT_PRODUCTS_DIR; };
		CE3ED06C2898B5B000AE05EF /* to_do_listUITests.swift */ = {isa = PBXFileReference; lastKnownFileType = sourcecode.swift; path = to_do_listUITests.swift; sourceTree = "<group>"; };
		CE3ED06E2898B5B000AE05EF /* to_do_listUITestsLaunchTests.swift */ = {isa = PBXFileReference; lastKnownFileType = sourcecode.swift; path = to_do_listUITestsLaunchTests.swift; sourceTree = "<group>"; };
/* End PBXFileReference section */

/* Begin PBXFrameworksBuildPhase section */
		CE3ED0422898B5AE00AE05EF /* Frameworks */ = {
			isa = PBXFrameworksBuildPhase;
			buildActionMask = 2147483647;
			files = (
			);
			runOnlyForDeploymentPostprocessing = 0;
		};
		CE3ED05B2898B5B000AE05EF /* Frameworks */ = {
			isa = PBXFrameworksBuildPhase;
			buildActionMask = 2147483647;
			files = (
			);
			runOnlyForDeploymentPostprocessing = 0;
		};
		CE3ED0652898B5B000AE05EF /* Frameworks */ = {
			isa = PBXFrameworksBuildPhase;
			buildActionMask = 2147483647;
			files = (
			);
			runOnlyForDeploymentPostprocessing = 0;
		};
/* End PBXFrameworksBuildPhase section */

/* Begin PBXGroup section */
		CE3ED03C2898B5AE00AE05EF = {
			isa = PBXGroup;
			children = (
				CE3ED0472898B5AE00AE05EF /* to-do list */,
				CE3ED0612898B5B000AE05EF /* to-do listTests */,
				CE3ED06B2898B5B000AE05EF /* to-do listUITests */,
				CE3ED0462898B5AE00AE05EF /* Products */,
			);
			sourceTree = "<group>";
		};
		CE3ED0462898B5AE00AE05EF /* Products */ = {
			isa = PBXGroup;
			children = (
				CE3ED0452898B5AE00AE05EF /* to-do list.app */,
				CE3ED05E2898B5B000AE05EF /* to-do listTests.xctest */,
				CE3ED0682898B5B000AE05EF /* to-do listUITests.xctest */,
			);
			name = Products;
			sourceTree = "<group>";
		};
		CE3ED0472898B5AE00AE05EF /* to-do list */ = {
			isa = PBXGroup;
			children = (
				CE3ED0482898B5AE00AE05EF /* AppDelegate.swift */,
				CE3ED04A2898B5AE00AE05EF /* SceneDelegate.swift */,
				CE3ED04C2898B5AE00AE05EF /* ViewController.swift */,
				CE3ED04E2898B5AE00AE05EF /* Main.storyboard */,
				CE3ED0542898B5B000AE05EF /* Assets.xcassets */,
				CE3ED0562898B5B000AE05EF /* LaunchScreen.storyboard */,
				CE3ED0592898B5B000AE05EF /* Info.plist */,
				CE3ED0512898B5AE00AE05EF /* to_do_list.xcdatamodeld */,
			);
			path = "to-do list";
			sourceTree = "<group>";
		};
		CE3ED0612898B5B000AE05EF /* to-do listTests */ = {
			isa = PBXGroup;
			children = (
				CE3ED0622898B5B000AE05EF /* to_do_listTests.swift */,
			);
			path = "to-do listTests";
			sourceTree = "<group>";
		};
		CE3ED06B2898B5B000AE05EF /* to-do listUITests */ = {
			isa = PBXGroup;
			children = (
				CE3ED06C2898B5B000AE05EF /* to_do_listUITests.swift */,
				CE3ED06E2898B5B000AE05EF /* to_do_listUITestsLaunchTests.swift */,
			);
			path = "to-do listUITests";
			sourceTree = "<group>";
		};
/* End PBXGroup section */

/* Begin PBXNativeTarget section */
		CE3ED0442898B5AE00AE05EF /* to-do list */ = {
			isa = PBXNativeTarget;
			buildConfigurationList = CE3ED0722898B5B000AE05EF /* Build configuration list for PBXNativeTarget "to-do list" */;
			buildPhases = (
				CE3ED0412898B5AE00AE05EF /* Sources */,
				CE3ED0422898B5AE00AE05EF /* Frameworks */,
				CE3ED0432898B5AE00AE05EF /* Resources */,
			);
			buildRules = (
			);
			dependencies = (
			);
			name = "to-do list";
			productName = "to-do list";
			productReference = CE3ED0452898B5AE00AE05EF /* to-do list.app */;
			productType = "com.apple.product-type.application";
		};
		CE3ED05D2898B5B000AE05EF /* to-do listTests */ = {
			isa = PBXNativeTarget;
			buildConfigurationList = CE3ED0752898B5B000AE05EF /* Build configuration list for PBXNativeTarget "to-do listTests" */;
			buildPhases = (
				CE3ED05A2898B5B000AE05EF /* Sources */,
				CE3ED05B2898B5B000AE05EF /* Frameworks */,
				CE3ED05C2898B5B000AE05EF /* Resources */,
			);
			buildRules = (
			);
			dependencies = (
				CE3ED0602898B5B000AE05EF /* PBXTargetDependency */,
			);
			name = "to-do listTests";
			productName = "to-do listTests";
			productReference = CE3ED05E2898B5B000AE05EF /* to-do listTests.xctest */;
			productType = "com.apple.product-type.bundle.unit-test";
		};
		CE3ED0672898B5B000AE05EF /* to-do listUITests */ = {
			isa = PBXNativeTarget;
			buildConfigurationList = CE3ED0782898B5B000AE05EF /* Build configuration list for PBXNativeTarget "to-do listUITests" */;
			buildPhases = (
				CE3ED0642898B5B000AE05EF /* Sources */,
				CE3ED0652898B5B000AE05EF /* Frameworks */,
				CE3ED0662898B5B000AE05EF /* Resources */,
			);
			buildRules = (
			);
			dependencies = (
				CE3ED06A2898B5B000AE05EF /* PBXTargetDependency */,
			);
			name = "to-do listUITests";
			productName = "to-do listUITests";
			productReference = CE3ED0682898B5B000AE05EF /* to-do listUITests.xctest */;
			productType = "com.apple.product-type.bundle.ui-testing";
		};
/* End PBXNativeTarget section */

/* Begin PBXProject section */
		CE3ED03D2898B5AE00AE05EF /* Project object */ = {
			isa = PBXProject;
			attributes = {
				BuildIndependentTargetsInParallel = 1;
				LastSwiftUpdateCheck = 1340;
				LastUpgradeCheck = 1340;
				TargetAttributes = {
					CE3ED0442898B5AE00AE05EF = {
						CreatedOnToolsVersion = 13.4.1;
					};
					CE3ED05D2898B5B000AE05EF = {
						CreatedOnToolsVersion = 13.4.1;
						TestTargetID = CE3ED0442898B5AE00AE05EF;
					};
					CE3ED0672898B5B000AE05EF = {
						CreatedOnToolsVersion = 13.4.1;
						TestTargetID = CE3ED0442898B5AE00AE05EF;
					};
				};
			};
			buildConfigurationList = CE3ED0402898B5AE00AE05EF /* Build configuration list for PBXProject "to-do list" */;
			compatibilityVersion = "Xcode 13.0";
			developmentRegion = en;
			hasScannedForEncodings = 0;
			knownRegions = (
				en,
				Base,
			);
			mainGroup = CE3ED03C2898B5AE00AE05EF;
			productRefGroup = CE3ED0462898B5AE00AE05EF /* Products */;
			projectDirPath = "";
			projectRoot = "";
			targets = (
				CE3ED0442898B5AE00AE05EF /* to-do list */,
				CE3ED05D2898B5B000AE05EF /* to-do listTests */,
				CE3ED0672898B5B000AE05EF /* to-do listUITests */,
			);
		};
/* End PBXProject section */

/* Begin PBXResourcesBuildPhase section */
		CE3ED0432898B5AE00AE05EF /* Resources */ = {
			isa = PBXResourcesBuildPhase;
			buildActionMask = 2147483647;
			files = (
				CE3ED0582898B5B000AE05EF /* LaunchScreen.storyboard in Resources */,
				CE3ED0552898B5B000AE05EF /* Assets.xcassets in Resources */,
				CE3ED0502898B5AE00AE05EF /* Main.storyboard in Resources */,
			);
			runOnlyForDeploymentPostprocessing = 0;
		};
		CE3ED05C2898B5B000AE05EF /* Resources */ = {
			isa = PBXResourcesBuildPhase;
			buildActionMask = 2147483647;
			files = (
			);
			runOnlyForDeploymentPostprocessing = 0;
		};
		CE3ED0662898B5B000AE05EF /* Resources */ = {
			isa = PBXResourcesBuildPhase;
			buildActionMask = 2147483647;
			files = (
			);
			runOnlyForDeploymentPostprocessing = 0;
		};
/* End PBXResourcesBuildPhase section */

/* Begin PBXSourcesBuildPhase section */
		CE3ED0412898B5AE00AE05EF /* Sources */ = {
			isa = PBXSourcesBuildPhase;
			buildActionMask = 2147483647;
			files = (
				CE3ED04D2898B5AE00AE05EF /* ViewController.swift in Sources */,
				CE3ED0492898B5AE00AE05EF /* AppDelegate.swift in Sources */,
				CE3ED04B2898B5AE00AE05EF /* SceneDelegate.swift in Sources */,
				CE3ED0532898B5AE00AE05EF /* to_do_list.xcdatamodeld in Sources */,
			);
			runOnlyForDeploymentPostprocessing = 0;
		};
		CE3ED05A2898B5B000AE05EF /* Sources */ = {
			isa = PBXSourcesBuildPhase;
			buildActionMask = 2147483647;
			files = (
				CE3ED0632898B5B000AE05EF /* to_do_listTests.swift in Sources */,
			);
			runOnlyForDeploymentPostprocessing = 0;
		};
		CE3ED0642898B5B000AE05EF /* Sources */ = {
			isa = PBXSourcesBuildPhase;
			buildActionMask = 2147483647;
			files = (
				CE3ED06F2898B5B000AE05EF /* to_do_listUITestsLaunchTests.swift in Sources */,
				CE3ED06D2898B5B000AE05EF /* to_do_listUITests.swift in Sources */,
			);
			runOnlyForDeploymentPostprocessing = 0;
		};
/* End PBXSourcesBuildPhase section */

/* Begin PBXTargetDependency section */
		CE3ED0602898B5B000AE05EF /* PBXTargetDependency */ = {
			isa = PBXTargetDependency;
			target = CE3ED0442898B5AE00AE05EF /* to-do list */;
			targetProxy = CE3ED05F2898B5B000AE05EF /* PBXContainerItemProxy */;
		};
		CE3ED06A2898B5B000AE05EF /* PBXTargetDependency */ = {
			isa = PBXTargetDependency;
			target = CE3ED0442898B5AE00AE05EF /* to-do list */;
			targetProxy = CE3ED0692898B5B000AE05EF /* PBXContainerItemProxy */;
		};
/* End PBXTargetDependency section */

/* Begin PBXVariantGroup section */
		CE3ED04E2898B5AE00AE05EF /* Main.storyboard */ = {
			isa = PBXVariantGroup;
			children = (
				CE3ED04F2898B5AE00AE05EF /* Base */,
			);
			name = Main.storyboard;
			sourceTree = "<group>";
		};
		CE3ED0562898B5B000AE05EF /* LaunchScreen.storyboard */ = {
			isa = PBXVariantGroup;
			children = (
				CE3ED0572898B5B000AE05EF /* Base */,
			);
			name = LaunchScreen.storyboard;
			sourceTree = "<group>";
		};
/* End PBXVariantGroup section */

/* Begin XCBuildConfiguration section */
		CE3ED0702898B5B000AE05EF /* Debug */ = {
			isa = XCBuildConfiguration;
			buildSettings = {
				ALWAYS_SEARCH_USER_PATHS = NO;
				CLANG_ANALYZER_NONNULL = YES;
				CLANG_ANALYZER_NUMBER_OBJECT_CONVERSION = YES_AGGRESSIVE;
				CLANG_CXX_LANGUAGE_STANDARD = "gnu++17";
				CLANG_ENABLE_MODULES = YES;
				CLANG_ENABLE_OBJC_ARC = YES;
				CLANG_ENABLE_OBJC_WEAK = YES;
				CLANG_WARN_BLOCK_CAPTURE_AUTORELEASING = YES;
				CLANG_WARN_BOOL_CONVERSION = YES;
				CLANG_WARN_COMMA = YES;
				CLANG_WARN_CONSTANT_CONVERSION = YES;
				CLANG_WARN_DEPRECATED_OBJC_IMPLEMENTATIONS = YES;
				CLANG_WARN_DIRECT_OBJC_ISA_USAGE = YES_ERROR;
				CLANG_WARN_DOCUMENTATION_COMMENTS = YES;
				CLANG_WARN_EMPTY_BODY = YES;
				CLANG_WARN_ENUM_CONVERSION = YES;
				CLANG_WARN_INFINITE_RECURSION = YES;
				CLANG_WARN_INT_CONVERSION = YES;
				CLANG_WARN_NON_LITERAL_NULL_CONVERSION = YES;
				CLANG_WARN_OBJC_IMPLICIT_RETAIN_SELF = YES;
				CLANG_WARN_OBJC_LITERAL_CONVERSION = YES;
				CLANG_WARN_OBJC_ROOT_CLASS = YES_ERROR;
				CLANG_WARN_QUOTED_INCLUDE_IN_FRAMEWORK_HEADER = YES;
				CLANG_WARN_RANGE_LOOP_ANALYSIS = YES;
				CLANG_WARN_STRICT_PROTOTYPES = YES;
				CLANG_WARN_SUSPICIOUS_MOVE = YES;
				CLANG_WARN_UNGUARDED_AVAILABILITY = YES_AGGRESSIVE;
				CLANG_WARN_UNREACHABLE_CODE = YES;
				CLANG_WARN__DUPLICATE_METHOD_MATCH = YES;
				COPY_PHASE_STRIP = NO;
				DEBUG_INFORMATION_FORMAT = dwarf;
				ENABLE_STRICT_OBJC_MSGSEND = YES;
				ENABLE_TESTABILITY = YES;
				GCC_C_LANGUAGE_STANDARD = gnu11;
				GCC_DYNAMIC_NO_PIC = NO;
				GCC_NO_COMMON_BLOCKS = YES;
				GCC_OPTIMIZATION_LEVEL = 0;
				GCC_PREPROCESSOR_DEFINITIONS = (
					"DEBUG=1",
					"$(inherited)",
				);
				GCC_WARN_64_TO_32_BIT_CONVERSION = YES;
				GCC_WARN_ABOUT_RETURN_TYPE = YES_ERROR;
				GCC_WARN_UNDECLARED_SELECTOR = YES;
				GCC_WARN_UNINITIALIZED_AUTOS = YES_AGGRESSIVE;
				GCC_WARN_UNUSED_FUNCTION = YES;
				GCC_WARN_UNUSED_VARIABLE = YES;
				IPHONEOS_DEPLOYMENT_TARGET = 15.5;
				MTL_ENABLE_DEBUG_INFO = INCLUDE_SOURCE;
				MTL_FAST_MATH = YES;
				ONLY_ACTIVE_ARCH = YES;
				SDKROOT = iphoneos;
				SWIFT_ACTIVE_COMPILATION_CONDITIONS = DEBUG;
				SWIFT_OPTIMIZATION_LEVEL = "-Onone";
			};
			name = Debug;
		};
		CE3ED0712898B5B000AE05EF /* Release */ = {
			isa = XCBuildConfiguration;
			buildSettings = {
				ALWAYS_SEARCH_USER_PATHS = NO;
				CLANG_ANALYZER_NONNULL = YES;
				CLANG_ANALYZER_NUMBER_OBJECT_CONVERSION = YES_AGGRESSIVE;
				CLANG_CXX_LANGUAGE_STANDARD = "gnu++17";
				CLANG_ENABLE_MODULES = YES;
				CLANG_ENABLE_OBJC_ARC = YES;
				CLANG_ENABLE_OBJC_WEAK = YES;
				CLANG_WARN_BLOCK_CAPTURE_AUTORELEASING = YES;
				CLANG_WARN_BOOL_CONVERSION = YES;
				CLANG_WARN_COMMA = YES;
				CLANG_WARN_CONSTANT_CONVERSION = YES;
				CLANG_WARN_DEPRECATED_OBJC_IMPLEMENTATIONS = YES;
				CLANG_WARN_DIRECT_OBJC_ISA_USAGE = YES_ERROR;
				CLANG_WARN_DOCUMENTATION_COMMENTS = YES;
				CLANG_WARN_EMPTY_BODY = YES;
				CLANG_WARN_ENUM_CONVERSION = YES;
				CLANG_WARN_INFINITE_RECURSION = YES;
				CLANG_WARN_INT_CONVERSION = YES;
				CLANG_WARN_NON_LITERAL_NULL_CONVERSION = YES;
				CLANG_WARN_OBJC_IMPLICIT_RETAIN_SELF = YES;
				CLANG_WARN_OBJC_LITERAL_CONVERSION = YES;
				CLANG_WARN_OBJC_ROOT_CLASS = YES_ERROR;
				CLANG_WARN_QUOTED_INCLUDE_IN_FRAMEWORK_HEADER = YES;
				CLANG_WARN_RANGE_LOOP_ANALYSIS = YES;
				CLANG_WARN_STRICT_PROTOTYPES = YES;
				CLANG_WARN_SUSPICIOUS_MOVE = YES;
				CLANG_WARN_UNGUARDED_AVAILABILITY = YES_AGGRESSIVE;
				CLANG_WARN_UNREACHABLE_CODE = YES;
				CLANG_WARN__DUPLICATE_METHOD_MATCH = YES;
				COPY_PHASE_STRIP = NO;
				DEBUG_INFORMATION_FORMAT = "dwarf-with-dsym";
				ENABLE_NS_ASSERTIONS = NO;
				ENABLE_STRICT_OBJC_MSGSEND = YES;
				GCC_C_LANGUAGE_STANDARD = gnu11;
				GCC_NO_COMMON_BLOCKS = YES;
				GCC_WARN_64_TO_32_BIT_CONVERSION = YES;
				GCC_WARN_ABOUT_RETURN_TYPE = YES_ERROR;
				GCC_WARN_UNDECLARED_SELECTOR = YES;
				GCC_WARN_UNINITIALIZED_AUTOS = YES_AGGRESSIVE;
				GCC_WARN_UNUSED_FUNCTION = YES;
				GCC_WARN_UNUSED_VARIABLE = YES;
				IPHONEOS_DEPLOYMENT_TARGET = 15.5;
				MTL_ENABLE_DEBUG_INFO = NO;
				MTL_FAST_MATH = YES;
				SDKROOT = iphoneos;
				SWIFT_COMPILATION_MODE = wholemodule;
				SWIFT_OPTIMIZATION_LEVEL = "-O";
				VALIDATE_PRODUCT = YES;
			};
			name = Release;
		};
		CE3ED0732898B5B000AE05EF /* Debug */ = {
			isa = XCBuildConfiguration;
			buildSettings = {
				ASSETCATALOG_COMPILER_APPICON_NAME = AppIcon;
				ASSETCATALOG_COMPILER_GLOBAL_ACCENT_COLOR_NAME = AccentColor;
				CODE_SIGN_STYLE = Automatic;
				CURRENT_PROJECT_VERSION = 1;
				GENERATE_INFOPLIST_FILE = YES;
				INFOPLIST_FILE = "to-do list/Info.plist";
				INFOPLIST_KEY_UIApplicationSupportsIndirectInputEvents = YES;
				INFOPLIST_KEY_UILaunchStoryboardName = LaunchScreen;
				INFOPLIST_KEY_UIMainStoryboardFile = Main;
				INFOPLIST_KEY_UISupportedInterfaceOrientations_iPad = "UIInterfaceOrientationPortrait UIInterfaceOrientationPortraitUpsideDown UIInterfaceOrientationLandscapeLeft UIInterfaceOrientationLandscapeRight";
				INFOPLIST_KEY_UISupportedInterfaceOrientations_iPhone = "UIInterfaceOrientationPortrait UIInterfaceOrientationLandscapeLeft UIInterfaceOrientationLandscapeRight";
				LD_RUNPATH_SEARCH_PATHS = (
					"$(inherited)",
					"@executable_path/Frameworks",
				);
				MARKETING_VERSION = 1.0;
				PRODUCT_BUNDLE_IDENTIFIER = "KWK.to-do-list";
				PRODUCT_NAME = "$(TARGET_NAME)";
				SWIFT_EMIT_LOC_STRINGS = YES;
				SWIFT_VERSION = 5.0;
				TARGETED_DEVICE_FAMILY = "1,2";
			};
			name = Debug;
		};
		CE3ED0742898B5B000AE05EF /* Release */ = {
			isa = XCBuildConfiguration;
			buildSettings = {
				ASSETCATALOG_COMPILER_APPICON_NAME = AppIcon;
				ASSETCATALOG_COMPILER_GLOBAL_ACCENT_COLOR_NAME = AccentColor;
				CODE_SIGN_STYLE = Automatic;
				CURRENT_PROJECT_VERSION = 1;
				GENERATE_INFOPLIST_FILE = YES;
				INFOPLIST_FILE = "to-do list/Info.plist";
				INFOPLIST_KEY_UIApplicationSupportsIndirectInputEvents = YES;
				INFOPLIST_KEY_UILaunchStoryboardName = LaunchScreen;
				INFOPLIST_KEY_UIMainStoryboardFile = Main;
				INFOPLIST_KEY_UISupportedInterfaceOrientations_iPad = "UIInterfaceOrientationPortrait UIInterfaceOrientationPortraitUpsideDown UIInterfaceOrientationLandscapeLeft UIInterfaceOrientationLandscapeRight";
				INFOPLIST_KEY_UISupportedInterfaceOrientations_iPhone = "UIInterfaceOrientationPortrait UIInterfaceOrientationLandscapeLeft UIInterfaceOrientationLandscapeRight";
				LD_RUNPATH_SEARCH_PATHS = (
					"$(inherited)",
					"@executable_path/Frameworks",
				);
				MARKETING_VERSION = 1.0;
				PRODUCT_BUNDLE_IDENTIFIER = "KWK.to-do-list";
				PRODUCT_NAME = "$(TARGET_NAME)";
				SWIFT_EMIT_LOC_STRINGS = YES;
				SWIFT_VERSION = 5.0;
				TARGETED_DEVICE_FAMILY = "1,2";
			};
			name = Release;
		};
		CE3ED0762898B5B000AE05EF /* Debug */ = {
			isa = XCBuildConfiguration;
			buildSettings = {
				ALWAYS_EMBED_SWIFT_STANDARD_LIBRARIES = YES;
				BUNDLE_LOADER = "$(TEST_HOST)";
				CODE_SIGN_STYLE = Automatic;
				CURRENT_PROJECT_VERSION = 1;
				GENERATE_INFOPLIST_FILE = YES;
				IPHONEOS_DEPLOYMENT_TARGET = 15.5;
				MARKETING_VERSION = 1.0;
				PRODUCT_BUNDLE_IDENTIFIER = "KWK.to-do-listTests";
				PRODUCT_NAME = "$(TARGET_NAME)";
				SWIFT_EMIT_LOC_STRINGS = NO;
				SWIFT_VERSION = 5.0;
				TARGETED_DEVICE_FAMILY = "1,2";
				TEST_HOST = "$(BUILT_PRODUCTS_DIR)/to-do list.app/to-do list";
			};
			name = Debug;
		};
		CE3ED0772898B5B000AE05EF /* Release */ = {
			isa = XCBuildConfiguration;
			buildSettings = {
				ALWAYS_EMBED_SWIFT_STANDARD_LIBRARIES = YES;
				BUNDLE_LOADER = "$(TEST_HOST)";
				CODE_SIGN_STYLE = Automatic;
				CURRENT_PROJECT_VERSION = 1;
				GENERATE_INFOPLIST_FILE = YES;
				IPHONEOS_DEPLOYMENT_TARGET = 15.5;
				MARKETING_VERSION = 1.0;
				PRODUCT_BUNDLE_IDENTIFIER = "KWK.to-do-listTests";
				PRODUCT_NAME = "$(TARGET_NAME)";
				SWIFT_EMIT_LOC_STRINGS = NO;
				SWIFT_VERSION = 5.0;
				TARGETED_DEVICE_FAMILY = "1,2";
				TEST_HOST = "$(BUILT_PRODUCTS_DIR)/to-do list.app/to-do list";
			};
			name = Release;
		};
		CE3ED0792898B5B000AE05EF /* Debug */ = {
			isa = XCBuildConfiguration;
			buildSettings = {
				ALWAYS_EMBED_SWIFT_STANDARD_LIBRARIES = YES;
				CODE_SIGN_STYLE = Automatic;
				CURRENT_PROJECT_VERSION = 1;
				GENERATE_INFOPLIST_FILE = YES;
				MARKETING_VERSION = 1.0;
				PRODUCT_BUNDLE_IDENTIFIER = "KWK.to-do-listUITests";
				PRODUCT_NAME = "$(TARGET_NAME)";
				SWIFT_EMIT_LOC_STRINGS = NO;
				SWIFT_VERSION = 5.0;
				TARGETED_DEVICE_FAMILY = "1,2";
				TEST_TARGET_NAME = "to-do list";
			};
			name = Debug;
		};
		CE3ED07A2898B5B000AE05EF /* Release */ = {
			isa = XCBuildConfiguration;
			buildSettings = {
				ALWAYS_EMBED_SWIFT_STANDARD_LIBRARIES = YES;
				CODE_SIGN_STYLE = Automatic;
				CURRENT_PROJECT_VERSION = 1;
				GENERATE_INFOPLIST_FILE = YES;
				MARKETING_VERSION = 1.0;
				PRODUCT_BUNDLE_IDENTIFIER = "KWK.to-do-listUITests";
				PRODUCT_NAME = "$(TARGET_NAME)";
				SWIFT_EMIT_LOC_STRINGS = NO;
				SWIFT_VERSION = 5.0;
				TARGETED_DEVICE_FAMILY = "1,2";
				TEST_TARGET_NAME = "to-do list";
			};
			name = Release;
		};
/* End XCBuildConfiguration section */

/* Begin XCConfigurationList section */
		CE3ED0402898B5AE00AE05EF /* Build configuration list for PBXProject "to-do list" */ = {
			isa = XCConfigurationList;
			buildConfigurations = (
				CE3ED0702898B5B000AE05EF /* Debug */,
				CE3ED0712898B5B000AE05EF /* Release */,
			);
			defaultConfigurationIsVisible = 0;
			defaultConfigurationName = Release;
		};
		CE3ED0722898B5B000AE05EF /* Build configuration list for PBXNativeTarget "to-do list" */ = {
			isa = XCConfigurationList;
			buildConfigurations = (
				CE3ED0732898B5B000AE05EF /* Debug */,
				CE3ED0742898B5B000AE05EF /* Release */,
			);
			defaultConfigurationIsVisible = 0;
			defaultConfigurationName = Release;
		};
		CE3ED0752898B5B000AE05EF /* Build configuration list for PBXNativeTarget "to-do listTests" */ = {
			isa = XCConfigurationList;
			buildConfigurations = (
				CE3ED0762898B5B000AE05EF /* Debug */,
				CE3ED0772898B5B000AE05EF /* Release */,
			);
			defaultConfigurationIsVisible = 0;
			defaultConfigurationName = Release;
		};
		CE3ED0782898B5B000AE05EF /* Build configuration list for PBXNativeTarget "to-do listUITests" */ = {
			isa = XCConfigurationList;
			buildConfigurations = (
				CE3ED0792898B5B000AE05EF /* Debug */,
				CE3ED07A2898B5B000AE05EF /* Release */,
			);
			defaultConfigurationIsVisible = 0;
			defaultConfigurationName = Release;
		};
/* End XCConfigurationList section */

/* Begin XCVersionGroup section */
		CE3ED0512898B5AE00AE05EF /* to_do_list.xcdatamodeld */ = {
			isa = XCVersionGroup;
			children = (
				CE3ED0522898B5AE00AE05EF /* to_do_list.xcdatamodel */,
			);
			currentVersion = CE3ED0522898B5AE00AE05EF /* to_do_list.xcdatamodel */;
			path = to_do_list.xcdatamodeld;
			sourceTree = "<group>";
			versionGroupType = wrapper.xcdatamodel;
		};
/* End XCVersionGroup section */
	};
	rootObject = CE3ED03D2898B5AE00AE05EF /* Project object */;
}
